// !$*UTF8*$!
{
	archiveVersion = 1;
	classes = {
	};
	objectVersion = 50;
	objects = {

/* Begin PBXBuildFile section */
		C651F786253D8A83003089CA /* AppDelegate.swift in Sources */ = {isa = PBXBuildFile; fileRef = C651F785253D8A83003089CA /* AppDelegate.swift */; };
		C651F788253D8A83003089CA /* SceneDelegate.swift in Sources */ = {isa = PBXBuildFile; fileRef = C651F787253D8A83003089CA /* SceneDelegate.swift */; };
		C651F78A253D8A83003089CA /* ViewController.swift in Sources */ = {isa = PBXBuildFile; fileRef = C651F789253D8A83003089CA /* ViewController.swift */; };
		C651F78D253D8A83003089CA /* Main.storyboard in Resources */ = {isa = PBXBuildFile; fileRef = C651F78B253D8A83003089CA /* Main.storyboard */; };
		C651F78F253D8A84003089CA /* Assets.xcassets in Resources */ = {isa = PBXBuildFile; fileRef = C651F78E253D8A84003089CA /* Assets.xcassets */; };
		C651F792253D8A84003089CA /* LaunchScreen.storyboard in Resources */ = {isa = PBXBuildFile; fileRef = C651F790253D8A84003089CA /* LaunchScreen.storyboard */; };
		C651F79D253D8A85003089CA /* GameTests.swift in Sources */ = {isa = PBXBuildFile; fileRef = C651F79C253D8A85003089CA /* GameTests.swift */; };
		C6A32D06253DB6470038EA27 /* Game.swift in Sources */ = {isa = PBXBuildFile; fileRef = C6A32D05253DB6470038EA27 /* Game.swift */; };
		C6AE969D253F0B20003243A2 /* Frame.swift in Sources */ = {isa = PBXBuildFile; fileRef = C6AE969C253F0B20003243A2 /* Frame.swift */; };
/* End PBXBuildFile section */

/* Begin PBXContainerItemProxy section */
		C651F799253D8A85003089CA /* PBXContainerItemProxy */ = {
			isa = PBXContainerItemProxy;
			containerPortal = C651F77A253D8A83003089CA /* Project object */;
			proxyType = 1;
			remoteGlobalIDString = C651F781253D8A83003089CA;
			remoteInfo = Bowling;
		};
/* End PBXContainerItemProxy section */

/* Begin PBXFileReference section */
		C651F782253D8A83003089CA /* Bowling.app */ = {isa = PBXFileReference; explicitFileType = wrapper.application; includeInIndex = 0; path = Bowling.app; sourceTree = BUILT_PRODUCTS_DIR; };
		C651F785253D8A83003089CA /* AppDelegate.swift */ = {isa = PBXFileReference; lastKnownFileType = sourcecode.swift; path = AppDelegate.swift; sourceTree = "<group>"; };
		C651F787253D8A83003089CA /* SceneDelegate.swift */ = {isa = PBXFileReference; lastKnownFileType = sourcecode.swift; path = SceneDelegate.swift; sourceTree = "<group>"; };
		C651F789253D8A83003089CA /* ViewController.swift */ = {isa = PBXFileReference; lastKnownFileType = sourcecode.swift; path = ViewController.swift; sourceTree = "<group>"; };
		C651F78C253D8A83003089CA /* Base */ = {isa = PBXFileReference; lastKnownFileType = file.storyboard; name = Base; path = Base.lproj/Main.storyboard; sourceTree = "<group>"; };
		C651F78E253D8A84003089CA /* Assets.xcassets */ = {isa = PBXFileReference; lastKnownFileType = folder.assetcatalog; path = Assets.xcassets; sourceTree = "<group>"; };
		C651F791253D8A84003089CA /* Base */ = {isa = PBXFileReference; lastKnownFileType = file.storyboard; name = Base; path = Base.lproj/LaunchScreen.storyboard; sourceTree = "<group>"; };
		C651F793253D8A84003089CA /* Info.plist */ = {isa = PBXFileReference; lastKnownFileType = text.plist.xml; path = Info.plist; sourceTree = "<group>"; };
		C651F798253D8A85003089CA /* BowlingTests.xctest */ = {isa = PBXFileReference; explicitFileType = wrapper.cfbundle; includeInIndex = 0; path = BowlingTests.xctest; sourceTree = BUILT_PRODUCTS_DIR; };
		C651F79C253D8A85003089CA /* GameTests.swift */ = {isa = PBXFileReference; lastKnownFileType = sourcecode.swift; path = GameTests.swift; sourceTree = "<group>"; };
		C651F79E253D8A85003089CA /* Info.plist */ = {isa = PBXFileReference; lastKnownFileType = text.plist.xml; path = Info.plist; sourceTree = "<group>"; };
		C6A32D05253DB6470038EA27 /* Game.swift */ = {isa = PBXFileReference; lastKnownFileType = sourcecode.swift; path = Game.swift; sourceTree = "<group>"; };
		C6AE969C253F0B20003243A2 /* Frame.swift */ = {isa = PBXFileReference; lastKnownFileType = sourcecode.swift; path = Frame.swift; sourceTree = "<group>"; };
/* End PBXFileReference section */

/* Begin PBXFrameworksBuildPhase section */
		C651F77F253D8A83003089CA /* Frameworks */ = {
			isa = PBXFrameworksBuildPhase;
			buildActionMask = 2147483647;
			files = (
			);
			runOnlyForDeploymentPostprocessing = 0;
		};
		C651F795253D8A85003089CA /* Frameworks */ = {
			isa = PBXFrameworksBuildPhase;
			buildActionMask = 2147483647;
			files = (
			);
			runOnlyForDeploymentPostprocessing = 0;
		};
/* End PBXFrameworksBuildPhase section */

/* Begin PBXGroup section */
		C651F779253D8A83003089CA = {
			isa = PBXGroup;
			children = (
				C651F784253D8A83003089CA /* Bowling */,
				C651F79B253D8A85003089CA /* BowlingTests */,
				C651F783253D8A83003089CA /* Products */,
			);
			sourceTree = "<group>";
		};
		C651F783253D8A83003089CA /* Products */ = {
			isa = PBXGroup;
			children = (
				C651F782253D8A83003089CA /* Bowling.app */,
				C651F798253D8A85003089CA /* BowlingTests.xctest */,
			);
			name = Products;
			sourceTree = "<group>";
		};
		C651F784253D8A83003089CA /* Bowling */ = {
			isa = PBXGroup;
			children = (
				C651F785253D8A83003089CA /* AppDelegate.swift */,
				C651F787253D8A83003089CA /* SceneDelegate.swift */,
				C651F789253D8A83003089CA /* ViewController.swift */,
				C651F78B253D8A83003089CA /* Main.storyboard */,
				C651F78E253D8A84003089CA /* Assets.xcassets */,
				C651F790253D8A84003089CA /* LaunchScreen.storyboard */,
				C651F793253D8A84003089CA /* Info.plist */,
				C6A32D05253DB6470038EA27 /* Game.swift */,
				C6AE969C253F0B20003243A2 /* Frame.swift */,
			);
			path = Bowling;
			sourceTree = "<group>";
		};
		C651F79B253D8A85003089CA /* BowlingTests */ = {
			isa = PBXGroup;
			children = (
				C651F79C253D8A85003089CA /* GameTests.swift */,
				C651F79E253D8A85003089CA /* Info.plist */,
			);
			path = BowlingTests;
			sourceTree = "<group>";
		};
/* End PBXGroup section */

/* Begin PBXNativeTarget section */
		C651F781253D8A83003089CA /* Bowling */ = {
			isa = PBXNativeTarget;
			buildConfigurationList = C651F7AC253D8A85003089CA /* Build configuration list for PBXNativeTarget "Bowling" */;
			buildPhases = (
				C651F77E253D8A83003089CA /* Sources */,
				C651F77F253D8A83003089CA /* Frameworks */,
				C651F780253D8A83003089CA /* Resources */,
			);
			buildRules = (
			);
			dependencies = (
			);
			name = Bowling;
			productName = Bowling;
			productReference = C651F782253D8A83003089CA /* Bowling.app */;
			productType = "com.apple.product-type.application";
		};
		C651F797253D8A85003089CA /* BowlingTests */ = {
			isa = PBXNativeTarget;
			buildConfigurationList = C651F7AF253D8A85003089CA /* Build configuration list for PBXNativeTarget "BowlingTests" */;
			buildPhases = (
				C651F794253D8A85003089CA /* Sources */,
				C651F795253D8A85003089CA /* Frameworks */,
				C651F796253D8A85003089CA /* Resources */,
			);
			buildRules = (
			);
			dependencies = (
				C651F79A253D8A85003089CA /* PBXTargetDependency */,
			);
			name = BowlingTests;
			productName = BowlingTests;
			productReference = C651F798253D8A85003089CA /* BowlingTests.xctest */;
			productType = "com.apple.product-type.bundle.unit-test";
		};
/* End PBXNativeTarget section */

/* Begin PBXProject section */
		C651F77A253D8A83003089CA /* Project object */ = {
			isa = PBXProject;
			attributes = {
				LastSwiftUpdateCheck = 1200;
				LastUpgradeCheck = 1200;
				TargetAttributes = {
					C651F781253D8A83003089CA = {
						CreatedOnToolsVersion = 12.0;
					};
					C651F797253D8A85003089CA = {
						CreatedOnToolsVersion = 12.0;
						TestTargetID = C651F781253D8A83003089CA;
					};
				};
			};
			buildConfigurationList = C651F77D253D8A83003089CA /* Build configuration list for PBXProject "Bowling" */;
			compatibilityVersion = "Xcode 9.3";
			developmentRegion = en;
			hasScannedForEncodings = 0;
			knownRegions = (
				en,
				Base,
			);
			mainGroup = C651F779253D8A83003089CA;
			productRefGroup = C651F783253D8A83003089CA /* Products */;
			projectDirPath = "";
			projectRoot = "";
			targets = (
				C651F781253D8A83003089CA /* Bowling */,
				C651F797253D8A85003089CA /* BowlingTests */,
			);
		};
/* End PBXProject section */

/* Begin PBXResourcesBuildPhase section */
		C651F780253D8A83003089CA /* Resources */ = {
			isa = PBXResourcesBuildPhase;
			buildActionMask = 2147483647;
			files = (
				C651F792253D8A84003089CA /* LaunchScreen.storyboard in Resources */,
				C651F78F253D8A84003089CA /* Assets.xcassets in Resources */,
				C651F78D253D8A83003089CA /* Main.storyboard in Resources */,
			);
			runOnlyForDeploymentPostprocessing = 0;
		};
		C651F796253D8A85003089CA /* Resources */ = {
			isa = PBXResourcesBuildPhase;
			buildActionMask = 2147483647;
			files = (
			);
			runOnlyForDeploymentPostprocessing = 0;
		};
/* End PBXResourcesBuildPhase section */

/* Begin PBXSourcesBuildPhase section */
		C651F77E253D8A83003089CA /* Sources */ = {
			isa = PBXSourcesBuildPhase;
			buildActionMask = 2147483647;
			files = (
				C651F78A253D8A83003089CA /* ViewController.swift in Sources */,
				C651F786253D8A83003089CA /* AppDelegate.swift in Sources */,
				C651F788253D8A83003089CA /* SceneDelegate.swift in Sources */,
				C6A32D06253DB6470038EA27 /* Game.swift in Sources */,
				C6AE969D253F0B20003243A2 /* Frame.swift in Sources */,
			);
			runOnlyForDeploymentPostprocessing = 0;
		};
		C651F794253D8A85003089CA /* Sources */ = {
			isa = PBXSourcesBuildPhase;
			buildActionMask = 2147483647;
			files = (
				C651F79D253D8A85003089CA /* GameTests.swift in Sources */,
			);
			runOnlyForDeploymentPostprocessing = 0;
		};
/* End PBXSourcesBuildPhase section */

/* Begin PBXTargetDependency section */
		C651F79A253D8A85003089CA /* PBXTargetDependency */ = {
			isa = PBXTargetDependency;
			target = C651F781253D8A83003089CA /* Bowling */;
			targetProxy = C651F799253D8A85003089CA /* PBXContainerItemProxy */;
		};
/* End PBXTargetDependency section */

/* Begin PBXVariantGroup section */
		C651F78B253D8A83003089CA /* Main.storyboard */ = {
			isa = PBXVariantGroup;
			children = (
				C651F78C253D8A83003089CA /* Base */,
			);
			name = Main.storyboard;
			sourceTree = "<group>";
		};
		C651F790253D8A84003089CA /* LaunchScreen.storyboard */ = {
			isa = PBXVariantGroup;
			children = (
				C651F791253D8A84003089CA /* Base */,
			);
			name = LaunchScreen.storyboard;
			sourceTree = "<group>";
		};
/* End PBXVariantGroup section */

/* Begin XCBuildConfiguration section */
		C651F7AA253D8A85003089CA /* Debug */ = {
			isa = XCBuildConfiguration;
			buildSettings = {
				ALWAYS_SEARCH_USER_PATHS = NO;
				CLANG_ANALYZER_NONNULL = YES;
				CLANG_ANALYZER_NUMBER_OBJECT_CONVERSION = YES_AGGRESSIVE;
				CLANG_CXX_LANGUAGE_STANDARD = "gnu++14";
				CLANG_CXX_LIBRARY = "libc++";
				CLANG_ENABLE_MODULES = YES;
				CLANG_ENABLE_OBJC_ARC = YES;
				CLANG_ENABLE_OBJC_WEAK = YES;
				CLANG_WARN_BLOCK_CAPTURE_AUTORELEASING = YES;
				CLANG_WARN_BOOL_CONVERSION = YES;
				CLANG_WARN_COMMA = YES;
				CLANG_WARN_CONSTANT_CONVERSION = YES;
				CLANG_WARN_DEPRECATED_OBJC_IMPLEMENTATIONS = YES;
				CLANG_WARN_DIRECT_OBJC_ISA_USAGE = YES_ERROR;
				CLANG_WARN_DOCUMENTATION_COMMENTS = YES;
				CLANG_WARN_EMPTY_BODY = YES;
				CLANG_WARN_ENUM_CONVERSION = YES;
				CLANG_WARN_INFINITE_RECURSION = YES;
				CLANG_WARN_INT_CONVERSION = YES;
				CLANG_WARN_NON_LITERAL_NULL_CONVERSION = YES;
				CLANG_WARN_OBJC_IMPLICIT_RETAIN_SELF = YES;
				CLANG_WARN_OBJC_LITERAL_CONVERSION = YES;
				CLANG_WARN_OBJC_ROOT_CLASS = YES_ERROR;
				CLANG_WARN_QUOTED_INCLUDE_IN_FRAMEWORK_HEADER = YES;
				CLANG_WARN_RANGE_LOOP_ANALYSIS = YES;
				CLANG_WARN_STRICT_PROTOTYPES = YES;
				CLANG_WARN_SUSPICIOUS_MOVE = YES;
				CLANG_WARN_UNGUARDED_AVAILABILITY = YES_AGGRESSIVE;
				CLANG_WARN_UNREACHABLE_CODE = YES;
				CLANG_WARN__DUPLICATE_METHOD_MATCH = YES;
				COPY_PHASE_STRIP = NO;
				DEBUG_INFORMATION_FORMAT = dwarf;
				ENABLE_STRICT_OBJC_MSGSEND = YES;
				ENABLE_TESTABILITY = YES;
				GCC_C_LANGUAGE_STANDARD = gnu11;
				GCC_DYNAMIC_NO_PIC = NO;
				GCC_NO_COMMON_BLOCKS = YES;
				GCC_OPTIMIZATION_LEVEL = 0;
				GCC_PREPROCESSOR_DEFINITIONS = (
					"DEBUG=1",
					"$(inherited)",
				);
				GCC_WARN_64_TO_32_BIT_CONVERSION = YES;
				GCC_WARN_ABOUT_RETURN_TYPE = YES_ERROR;
				GCC_WARN_UNDECLARED_SELECTOR = YES;
				GCC_WARN_UNINITIALIZED_AUTOS = YES_AGGRESSIVE;
				GCC_WARN_UNUSED_FUNCTION = YES;
				GCC_WARN_UNUSED_VARIABLE = YES;
				IPHONEOS_DEPLOYMENT_TARGET = 14.0;
				MTL_ENABLE_DEBUG_INFO = INCLUDE_SOURCE;
				MTL_FAST_MATH = YES;
				ONLY_ACTIVE_ARCH = YES;
				SDKROOT = iphoneos;
				SWIFT_ACTIVE_COMPILATION_CONDITIONS = DEBUG;
				SWIFT_OPTIMIZATION_LEVEL = "-Onone";
			};
			name = Debug;
		};
		C651F7AB253D8A85003089CA /* Release */ = {
			isa = XCBuildConfiguration;
			buildSettings = {
				ALWAYS_SEARCH_USER_PATHS = NO;
				CLANG_ANALYZER_NONNULL = YES;
				CLANG_ANALYZER_NUMBER_OBJECT_CONVERSION = YES_AGGRESSIVE;
				CLANG_CXX_LANGUAGE_STANDARD = "gnu++14";
				CLANG_CXX_LIBRARY = "libc++";
				CLANG_ENABLE_MODULES = YES;
				CLANG_ENABLE_OBJC_ARC = YES;
				CLANG_ENABLE_OBJC_WEAK = YES;
				CLANG_WARN_BLOCK_CAPTURE_AUTORELEASING = YES;
				CLANG_WARN_BOOL_CONVERSION = YES;
				CLANG_WARN_COMMA = YES;
				CLANG_WARN_CONSTANT_CONVERSION = YES;
				CLANG_WARN_DEPRECATED_OBJC_IMPLEMENTATIONS = YES;
				CLANG_WARN_DIRECT_OBJC_ISA_USAGE = YES_ERROR;
				CLANG_WARN_DOCUMENTATION_COMMENTS = YES;
				CLANG_WARN_EMPTY_BODY = YES;
				CLANG_WARN_ENUM_CONVERSION = YES;
				CLANG_WARN_INFINITE_RECURSION = YES;
				CLANG_WARN_INT_CONVERSION = YES;
				CLANG_WARN_NON_LITERAL_NULL_CONVERSION = YES;
				CLANG_WARN_OBJC_IMPLICIT_RETAIN_SELF = YES;
				CLANG_WARN_OBJC_LITERAL_CONVERSION = YES;
				CLANG_WARN_OBJC_ROOT_CLASS = YES_ERROR;
				CLANG_WARN_QUOTED_INCLUDE_IN_FRAMEWORK_HEADER = YES;
				CLANG_WARN_RANGE_LOOP_ANALYSIS = YES;
				CLANG_WARN_STRICT_PROTOTYPES = YES;
				CLANG_WARN_SUSPICIOUS_MOVE = YES;
				CLANG_WARN_UNGUARDED_AVAILABILITY = YES_AGGRESSIVE;
				CLANG_WARN_UNREACHABLE_CODE = YES;
				CLANG_WARN__DUPLICATE_METHOD_MATCH = YES;
				COPY_PHASE_STRIP = NO;
				DEBUG_INFORMATION_FORMAT = "dwarf-with-dsym";
				ENABLE_NS_ASSERTIONS = NO;
				ENABLE_STRICT_OBJC_MSGSEND = YES;
				GCC_C_LANGUAGE_STANDARD = gnu11;
				GCC_NO_COMMON_BLOCKS = YES;
				GCC_WARN_64_TO_32_BIT_CONVERSION = YES;
				GCC_WARN_ABOUT_RETURN_TYPE = YES_ERROR;
				GCC_WARN_UNDECLARED_SELECTOR = YES;
				GCC_WARN_UNINITIALIZED_AUTOS = YES_AGGRESSIVE;
				GCC_WARN_UNUSED_FUNCTION = YES;
				GCC_WARN_UNUSED_VARIABLE = YES;
				IPHONEOS_DEPLOYMENT_TARGET = 14.0;
				MTL_ENABLE_DEBUG_INFO = NO;
				MTL_FAST_MATH = YES;
				SDKROOT = iphoneos;
				SWIFT_COMPILATION_MODE = wholemodule;
				SWIFT_OPTIMIZATION_LEVEL = "-O";
				VALIDATE_PRODUCT = YES;
			};
			name = Release;
		};
		C651F7AD253D8A85003089CA /* Debug */ = {
			isa = XCBuildConfiguration;
			buildSettings = {
				ASSETCATALOG_COMPILER_APPICON_NAME = AppIcon;
				ASSETCATALOG_COMPILER_GLOBAL_ACCENT_COLOR_NAME = AccentColor;
				CODE_SIGN_STYLE = Automatic;
				INFOPLIST_FILE = Bowling/Info.plist;
				LD_RUNPATH_SEARCH_PATHS = (
					"$(inherited)",
					"@executable_path/Frameworks",
				);
				PRODUCT_BUNDLE_IDENTIFIER = "be.2020-DEV-168.Bowling";
				PRODUCT_NAME = "$(TARGET_NAME)";
				SWIFT_VERSION = 5.0;
				TARGETED_DEVICE_FAMILY = "1,2";
			};
			name = Debug;
		};
		C651F7AE253D8A85003089CA /* Release */ = {
			isa = XCBuildConfiguration;
			buildSettings = {
				ASSETCATALOG_COMPILER_APPICON_NAME = AppIcon;
				ASSETCATALOG_COMPILER_GLOBAL_ACCENT_COLOR_NAME = AccentColor;
				CODE_SIGN_STYLE = Automatic;
				INFOPLIST_FILE = Bowling/Info.plist;
				LD_RUNPATH_SEARCH_PATHS = (
					"$(inherited)",
					"@executable_path/Frameworks",
				);
				PRODUCT_BUNDLE_IDENTIFIER = "be.2020-DEV-168.Bowling";
				PRODUCT_NAME = "$(TARGET_NAME)";
				SWIFT_VERSION = 5.0;
				TARGETED_DEVICE_FAMILY = "1,2";
			};
			name = Release;
		};
		C651F7B0253D8A85003089CA /* Debug */ = {
			isa = XCBuildConfiguration;
			buildSettings = {
				ALWAYS_EMBED_SWIFT_STANDARD_LIBRARIES = YES;
				BUNDLE_LOADER = "$(TEST_HOST)";
				CODE_SIGN_STYLE = Automatic;
				INFOPLIST_FILE = BowlingTests/Info.plist;
				IPHONEOS_DEPLOYMENT_TARGET = 14.0;
				LD_RUNPATH_SEARCH_PATHS = (
					"$(inherited)",
					"@executable_path/Frameworks",
					"@loader_path/Frameworks",
				);
				PRODUCT_BUNDLE_IDENTIFIER = "be.2020-DEV-168.BowlingTests";
				PRODUCT_NAME = "$(TARGET_NAME)";
				SWIFT_VERSION = 5.0;
				TARGETED_DEVICE_FAMILY = "1,2";
				TEST_HOST = "$(BUILT_PRODUCTS_DIR)/Bowling.app/Bowling";
			};
			name = Debug;
		};
		C651F7B1253D8A85003089CA /* Release */ = {
			isa = XCBuildConfiguration;
			buildSettings = {
				ALWAYS_EMBED_SWIFT_STANDARD_LIBRARIES = YES;
				BUNDLE_LOADER = "$(TEST_HOST)";
				CODE_SIGN_STYLE = Automatic;
				INFOPLIST_FILE = BowlingTests/Info.plist;
				IPHONEOS_DEPLOYMENT_TARGET = 14.0;
				LD_RUNPATH_SEARCH_PATHS = (
					"$(inherited)",
					"@executable_path/Frameworks",
					"@loader_path/Frameworks",
				);
				PRODUCT_BUNDLE_IDENTIFIER = "be.2020-DEV-168.BowlingTests";
				PRODUCT_NAME = "$(TARGET_NAME)";
				SWIFT_VERSION = 5.0;
				TARGETED_DEVICE_FAMILY = "1,2";
				TEST_HOST = "$(BUILT_PRODUCTS_DIR)/Bowling.app/Bowling";
			};
			name = Release;
		};
/* End XCBuildConfiguration section */

/* Begin XCConfigurationList section */
		C651F77D253D8A83003089CA /* Build configuration list for PBXProject "Bowling" */ = {
			isa = XCConfigurationList;
			buildConfigurations = (
				C651F7AA253D8A85003089CA /* Debug */,
				C651F7AB253D8A85003089CA /* Release */,
			);
			defaultConfigurationIsVisible = 0;
			defaultConfigurationName = Release;
		};
		C651F7AC253D8A85003089CA /* Build configuration list for PBXNativeTarget "Bowling" */ = {
			isa = XCConfigurationList;
			buildConfigurations = (
				C651F7AD253D8A85003089CA /* Debug */,
				C651F7AE253D8A85003089CA /* Release */,
			);
			defaultConfigurationIsVisible = 0;
			defaultConfigurationName = Release;
		};
		C651F7AF253D8A85003089CA /* Build configuration list for PBXNativeTarget "BowlingTests" */ = {
			isa = XCConfigurationList;
			buildConfigurations = (
				C651F7B0253D8A85003089CA /* Debug */,
				C651F7B1253D8A85003089CA /* Release */,
			);
			defaultConfigurationIsVisible = 0;
			defaultConfigurationName = Release;
		};
/* End XCConfigurationList section */
	};
	rootObject = C651F77A253D8A83003089CA /* Project object */;
}
